{
    "name": "data-buffet",
    "lockfileVersion": 3,
    "requires": true,
    "packages": {
        "": {
            "dependencies": {
                "browserify-cipher": "^1.0.1",
                "node-fetch": "^3.3.2",
                "nostr-tools": "^1.14.2",
                "qrcode-terminal": "^0.12.0",
                "websocket-polyfill": "^0.0.3"
            }
        },
        "node_modules/@noble/ciphers": {
            "version": "0.2.0",
            "resolved": "https://registry.npmjs.org/@noble/ciphers/-/ciphers-0.2.0.tgz",
            "integrity": "sha512-6YBxJDAapHSdd3bLDv6x2wRPwq4QFMUaB3HvljNBUTThDd12eSm7/3F+2lnfzx2jvM+S6Nsy0jEt9QbPqSwqRw==",
            "funding": {
                "url": "https://paulmillr.com/funding/"
            }
        },
        "node_modules/@noble/curves": {
            "version": "1.1.0",
            "resolved": "https://registry.npmjs.org/@noble/curves/-/curves-1.1.0.tgz",
            "integrity": "sha512-091oBExgENk/kGj3AZmtBDMpxQPDtxQABR2B9lb1JbVTs6ytdzZNwvhxQ4MWasRNEzlbEH8jCWFCwhF/Obj5AA==",
            "dependencies": {
                "@noble/hashes": "1.3.1"
            },
            "funding": {
                "url": "https://paulmillr.com/funding/"
            }
        },
        "node_modules/@noble/hashes": {
            "version": "1.3.1",
            "resolved": "https://registry.npmjs.org/@noble/hashes/-/hashes-1.3.1.tgz",
            "integrity": "sha512-EbqwksQwz9xDRGfDST86whPBgM65E0OH/pCgqW0GBVzO22bNE+NuIbeTb714+IfSjU3aRk47EUvXIb5bTsenKA==",
            "engines": {
                "node": ">= 16"
            },
            "funding": {
                "url": "https://paulmillr.com/funding/"
            }
        },
        "node_modules/@scure/base": {
            "version": "1.1.1",
            "resolved": "https://registry.npmjs.org/@scure/base/-/base-1.1.1.tgz",
            "integrity": "sha512-ZxOhsSyxYwLJj3pLZCefNitxsj093tb2vq90mp2txoYeBqbcjDjqFhyM8eUjq/uFm6zJ+mUuqxlS2FkuSY1MTA==",
            "funding": [
                {
                    "type": "individual",
                    "url": "https://paulmillr.com/funding/"
                }
            ]
        },
        "node_modules/@scure/bip32": {
            "version": "1.3.1",
            "resolved": "https://registry.npmjs.org/@scure/bip32/-/bip32-1.3.1.tgz",
            "integrity": "sha512-osvveYtyzdEVbt3OfwwXFr4P2iVBL5u1Q3q4ONBfDY/UpOuXmOlbgwc1xECEboY8wIays8Yt6onaWMUdUbfl0A==",
            "dependencies": {
                "@noble/curves": "~1.1.0",
                "@noble/hashes": "~1.3.1",
                "@scure/base": "~1.1.0"
            },
            "funding": {
                "url": "https://paulmillr.com/funding/"
            }
        },
        "node_modules/@scure/bip39": {
            "version": "1.2.1",
            "resolved": "https://registry.npmjs.org/@scure/bip39/-/bip39-1.2.1.tgz",
            "integrity": "sha512-Z3/Fsz1yr904dduJD0NpiyRHhRYHdcnyh73FZWiV+/qhWi83wNJ3NWolYqCEN+ZWsUz2TWwajJggcRE9r1zUYg==",
            "dependencies": {
                "@noble/hashes": "~1.3.0",
                "@scure/base": "~1.1.0"
            },
            "funding": {
                "url": "https://paulmillr.com/funding/"
            }
        },
        "node_modules/browserify-aes": {
            "version": "1.2.0",
            "resolved": "https://registry.npmjs.org/browserify-aes/-/browserify-aes-1.2.0.tgz",
            "integrity": "sha512-+7CHXqGuspUn/Sl5aO7Ea0xWGAtETPXNSAjHo48JfLdPWcMng33Xe4znFvQweqc/uzk5zSOI3H52CYnjCfb5hA==",
            "dependencies": {
                "buffer-xor": "^1.0.3",
                "cipher-base": "^1.0.0",
                "create-hash": "^1.1.0",
                "evp_bytestokey": "^1.0.3",
                "inherits": "^2.0.1",
                "safe-buffer": "^5.0.1"
            }
        },
        "node_modules/browserify-cipher": {
            "version": "1.0.1",
            "resolved": "https://registry.npmjs.org/browserify-cipher/-/browserify-cipher-1.0.1.tgz",
            "integrity": "sha512-sPhkz0ARKbf4rRQt2hTpAHqn47X3llLkUGn+xEJzLjwY8LRs2p0v7ljvI5EyoRO/mexrNunNECisZs+gw2zz1w==",
            "dependencies": {
                "browserify-aes": "^1.0.4",
                "browserify-des": "^1.0.0",
                "evp_bytestokey": "^1.0.0"
            }
        },
        "node_modules/browserify-des": {
            "version": "1.0.2",
            "resolved": "https://registry.npmjs.org/browserify-des/-/browserify-des-1.0.2.tgz",
            "integrity": "sha512-BioO1xf3hFwz4kc6iBhI3ieDFompMhrMlnDFC4/0/vd5MokpuAc3R+LYbwTA9A5Yc9pq9UYPqffKpW2ObuwX5A==",
            "dependencies": {
                "cipher-base": "^1.0.1",
                "des.js": "^1.0.0",
                "inherits": "^2.0.1",
                "safe-buffer": "^5.1.2"
            }
        },
        "node_modules/buffer-xor": {
            "version": "1.0.3",
            "resolved": "https://registry.npmjs.org/buffer-xor/-/buffer-xor-1.0.3.tgz",
            "integrity": "sha512-571s0T7nZWK6vB67HI5dyUF7wXiNcfaPPPTl6zYCNApANjIvYJTg7hlud/+cJpdAhS7dVzqMLmfhfHR3rAcOjQ=="
        },
        "node_modules/bufferutil": {
            "version": "4.0.7",
            "resolved": "https://registry.npmjs.org/bufferutil/-/bufferutil-4.0.7.tgz",
            "integrity": "sha512-kukuqc39WOHtdxtw4UScxF/WVnMFVSQVKhtx3AjZJzhd0RGZZldcrfSEbVsWWe6KNH253574cq5F+wpv0G9pJw==",
            "hasInstallScript": true,
            "dependencies": {
                "node-gyp-build": "^4.3.0"
            },
            "engines": {
                "node": ">=6.14.2"
            }
        },
        "node_modules/cipher-base": {
            "version": "1.0.4",
            "resolved": "https://registry.npmjs.org/cipher-base/-/cipher-base-1.0.4.tgz",
            "integrity": "sha512-Kkht5ye6ZGmwv40uUDZztayT2ThLQGfnj/T71N/XzeZeo3nf8foyW7zGTsPYkEya3m5f3cAypH+qe7YOrM1U2Q==",
            "dependencies": {
                "inherits": "^2.0.1",
                "safe-buffer": "^5.0.1"
            }
        },
        "node_modules/create-hash": {
            "version": "1.2.0",
            "resolved": "https://registry.npmjs.org/create-hash/-/create-hash-1.2.0.tgz",
            "integrity": "sha512-z00bCGNHDG8mHAkP7CtT1qVu+bFQUPjYq/4Iv3C3kWjTFV10zIjfSoeqXo9Asws8gwSHDGj/hl2u4OGIjapeCg==",
            "dependencies": {
                "cipher-base": "^1.0.1",
                "inherits": "^2.0.1",
                "md5.js": "^1.3.4",
                "ripemd160": "^2.0.1",
                "sha.js": "^2.4.0"
            }
        },
        "node_modules/d": {
            "version": "1.0.1",
            "resolved": "https://registry.npmjs.org/d/-/d-1.0.1.tgz",
            "integrity": "sha512-m62ShEObQ39CfralilEQRjH6oAMtNCV1xJyEx5LpRYUVN+EviphDgUc/F3hnYbADmkiNs67Y+3ylmlG7Lnu+FA==",
            "dependencies": {
                "es5-ext": "^0.10.50",
                "type": "^1.0.1"
            }
        },
        "node_modules/data-uri-to-buffer": {
            "version": "4.0.1",
            "resolved": "https://registry.npmjs.org/data-uri-to-buffer/-/data-uri-to-buffer-4.0.1.tgz",
            "integrity": "sha512-0R9ikRb668HB7QDxT1vkpuUBtqc53YyAwMwGeUFKRojY/NWKvdZ+9UYtRfGmhqNbRkTSVpMbmyhXipFFv2cb/A==",
            "engines": {
                "node": ">= 12"
            }
        },
        "node_modules/debug": {
            "version": "2.6.9",
            "resolved": "https://registry.npmjs.org/debug/-/debug-2.6.9.tgz",
            "integrity": "sha512-bC7ElrdJaJnPbAP+1EotYvqZsb3ecl5wi6Bfi6BJTUcNowp6cvspg0jXznRTKDjm/E7AdgFBVeAPVMNcKGsHMA==",
            "dependencies": {
                "ms": "2.0.0"
            }
        },
        "node_modules/des.js": {
            "version": "1.1.0",
            "resolved": "https://registry.npmjs.org/des.js/-/des.js-1.1.0.tgz",
            "integrity": "sha512-r17GxjhUCjSRy8aiJpr8/UadFIzMzJGexI3Nmz4ADi9LYSFx4gTBp80+NaX/YsXWWLhpZ7v/v/ubEc/bCNfKwg==",
            "dependencies": {
                "inherits": "^2.0.1",
                "minimalistic-assert": "^1.0.0"
            }
        },
        "node_modules/es5-ext": {
            "version": "0.10.62",
            "resolved": "https://registry.npmjs.org/es5-ext/-/es5-ext-0.10.62.tgz",
            "integrity": "sha512-BHLqn0klhEpnOKSrzn/Xsz2UIW8j+cGmo9JLzr8BiUapV8hPL9+FliFqjwr9ngW7jWdnxv6eO+/LqyhJVqgrjA==",
            "hasInstallScript": true,
            "dependencies": {
                "es6-iterator": "^2.0.3",
                "es6-symbol": "^3.1.3",
                "next-tick": "^1.1.0"
            },
            "engines": {
                "node": ">=0.10"
            }
        },
        "node_modules/es6-iterator": {
            "version": "2.0.3",
            "resolved": "https://registry.npmjs.org/es6-iterator/-/es6-iterator-2.0.3.tgz",
            "integrity": "sha512-zw4SRzoUkd+cl+ZoE15A9o1oQd920Bb0iOJMQkQhl3jNc03YqVjAhG7scf9C5KWRU/R13Orf588uCC6525o02g==",
            "dependencies": {
                "d": "1",
                "es5-ext": "^0.10.35",
                "es6-symbol": "^3.1.1"
            }
        },
        "node_modules/es6-symbol": {
            "version": "3.1.3",
            "resolved": "https://registry.npmjs.org/es6-symbol/-/es6-symbol-3.1.3.tgz",
            "integrity": "sha512-NJ6Yn3FuDinBaBRWl/q5X/s4koRHBrgKAu+yGI6JCBeiu3qrcbJhwT2GeR/EXVfylRk8dpQVJoLEFhK+Mu31NA==",
            "dependencies": {
                "d": "^1.0.1",
                "ext": "^1.1.2"
            }
        },
        "node_modules/evp_bytestokey": {
            "version": "1.0.3",
            "resolved": "https://registry.npmjs.org/evp_bytestokey/-/evp_bytestokey-1.0.3.tgz",
            "integrity": "sha512-/f2Go4TognH/KvCISP7OUsHn85hT9nUkxxA9BEWxFn+Oj9o8ZNLm/40hdlgSLyuOimsrTKLUMEorQexp/aPQeA==",
            "dependencies": {
                "md5.js": "^1.3.4",
                "safe-buffer": "^5.1.1"
            }
        },
        "node_modules/ext": {
            "version": "1.7.0",
            "resolved": "https://registry.npmjs.org/ext/-/ext-1.7.0.tgz",
            "integrity": "sha512-6hxeJYaL110a9b5TEJSj0gojyHQAmA2ch5Os+ySCiA1QGdS697XWY1pzsrSjqA9LDEEgdB/KypIlR59RcLuHYw==",
            "dependencies": {
                "type": "^2.7.2"
            }
        },
        "node_modules/ext/node_modules/type": {
            "version": "2.7.2",
            "resolved": "https://registry.npmjs.org/type/-/type-2.7.2.tgz",
            "integrity": "sha512-dzlvlNlt6AXU7EBSfpAscydQ7gXB+pPGsPnfJnZpiNJBDj7IaJzQlBZYGdEi4R9HmPdBv2XmWJ6YUtoTa7lmCw=="
        },
        "node_modules/fetch-blob": {
            "version": "3.2.0",
            "resolved": "https://registry.npmjs.org/fetch-blob/-/fetch-blob-3.2.0.tgz",
            "integrity": "sha512-7yAQpD2UMJzLi1Dqv7qFYnPbaPx7ZfFK6PiIxQ4PfkGPyNyl2Ugx+a/umUonmKqjhM4DnfbMvdX6otXq83soQQ==",
            "funding": [
                {
                    "type": "github",
                    "url": "https://github.com/sponsors/jimmywarting"
                },
                {
                    "type": "paypal",
                    "url": "https://paypal.me/jimmywarting"
                }
            ],
            "dependencies": {
                "node-domexception": "^1.0.0",
                "web-streams-polyfill": "^3.0.3"
            },
            "engines": {
                "node": "^12.20 || >= 14.13"
            }
        },
        "node_modules/formdata-polyfill": {
            "version": "4.0.10",
            "resolved": "https://registry.npmjs.org/formdata-polyfill/-/formdata-polyfill-4.0.10.tgz",
            "integrity": "sha512-buewHzMvYL29jdeQTVILecSaZKnt/RJWjoZCF5OW60Z67/GmSLBkOFM7qh1PI3zFNtJbaZL5eQu1vLfazOwj4g==",
            "dependencies": {
                "fetch-blob": "^3.1.2"
            },
            "engines": {
                "node": ">=12.20.0"
            }
        },
        "node_modules/hash-base": {
            "version": "3.1.0",
            "resolved": "https://registry.npmjs.org/hash-base/-/hash-base-3.1.0.tgz",
            "integrity": "sha512-1nmYp/rhMDiE7AYkDw+lLwlAzz0AntGIe51F3RfFfEqyQ3feY2eI/NcwC6umIQVOASPMsWJLJScWKSSvzL9IVA==",
            "dependencies": {
                "inherits": "^2.0.4",
                "readable-stream": "^3.6.0",
                "safe-buffer": "^5.2.0"
            },
            "engines": {
                "node": ">=4"
            }
        },
        "node_modules/inherits": {
            "version": "2.0.4",
            "resolved": "https://registry.npmjs.org/inherits/-/inherits-2.0.4.tgz",
            "integrity": "sha512-k/vGaX4/Yla3WzyMCvTQOXYeIHvqOKtnqBduzTHpzpQZzAskKMhZ2K+EnBiSM9zGSoIFeMpXKxa4dYeZIQqewQ=="
        },
        "node_modules/is-typedarray": {
            "version": "1.0.0",
            "resolved": "https://registry.npmjs.org/is-typedarray/-/is-typedarray-1.0.0.tgz",
            "integrity": "sha512-cyA56iCMHAh5CdzjJIa4aohJyeO1YbwLi3Jc35MmRU6poroFjIGZzUzupGiRPOjgHg9TLu43xbpwXk523fMxKA=="
        },
        "node_modules/md5.js": {
            "version": "1.3.5",
            "resolved": "https://registry.npmjs.org/md5.js/-/md5.js-1.3.5.tgz",
            "integrity": "sha512-xitP+WxNPcTTOgnTJcrhM0xvdPepipPSf3I8EIpGKeFLjt3PlJLIDG3u8EX53ZIubkb+5U2+3rELYpEhHhzdkg==",
            "dependencies": {
                "hash-base": "^3.0.0",
                "inherits": "^2.0.1",
                "safe-buffer": "^5.1.2"
            }
        },
        "node_modules/minimalistic-assert": {
            "version": "1.0.1",
            "resolved": "https://registry.npmjs.org/minimalistic-assert/-/minimalistic-assert-1.0.1.tgz",
            "integrity": "sha512-UtJcAD4yEaGtjPezWuO9wC4nwUnVH/8/Im3yEHQP4b67cXlD/Qr9hdITCU1xDbSEXg2XKNaP8jsReV7vQd00/A=="
        },
        "node_modules/ms": {
            "version": "2.0.0",
            "resolved": "https://registry.npmjs.org/ms/-/ms-2.0.0.tgz",
            "integrity": "sha512-Tpp60P6IUJDTuOq/5Z8cdskzJujfwqfOTkrwIwj7IRISpnkJnT6SyJ4PCPnGMoFjC9ddhal5KVIYtAt97ix05A=="
        },
        "node_modules/next-tick": {
            "version": "1.1.0",
            "resolved": "https://registry.npmjs.org/next-tick/-/next-tick-1.1.0.tgz",
            "integrity": "sha512-CXdUiJembsNjuToQvxayPZF9Vqht7hewsvy2sOWafLvi2awflj9mOC6bHIg50orX8IJvWKY9wYQ/zB2kogPslQ=="
        },
        "node_modules/node-domexception": {
            "version": "1.0.0",
            "resolved": "https://registry.npmjs.org/node-domexception/-/node-domexception-1.0.0.tgz",
            "integrity": "sha512-/jKZoMpw0F8GRwl4/eLROPA3cfcXtLApP0QzLmUT/HuPCZWyB7IY9ZrMeKw2O/nFIqPQB3PVM9aYm0F312AXDQ==",
            "funding": [
                {
                    "type": "github",
                    "url": "https://github.com/sponsors/jimmywarting"
                },
                {
                    "type": "github",
                    "url": "https://paypal.me/jimmywarting"
                }
            ],
            "engines": {
                "node": ">=10.5.0"
            }
        },
        "node_modules/node-fetch": {
            "version": "3.3.2",
            "resolved": "https://registry.npmjs.org/node-fetch/-/node-fetch-3.3.2.tgz",
            "integrity": "sha512-dRB78srN/l6gqWulah9SrxeYnxeddIG30+GOqK/9OlLVyLg3HPnr6SqOWTWOXKRwC2eGYCkZ59NNuSgvSrpgOA==",
            "dependencies": {
                "data-uri-to-buffer": "^4.0.0",
                "fetch-blob": "^3.1.4",
                "formdata-polyfill": "^4.0.10"
            },
            "engines": {
                "node": "^12.20.0 || ^14.13.1 || >=16.0.0"
            },
            "funding": {
                "type": "opencollective",
                "url": "https://opencollective.com/node-fetch"
            }
        },
        "node_modules/node-gyp-build": {
            "version": "4.6.1",
            "resolved": "https://registry.npmjs.org/node-gyp-build/-/node-gyp-build-4.6.1.tgz",
            "integrity": "sha512-24vnklJmyRS8ViBNI8KbtK/r/DmXQMRiOMXTNz2nrTnAYUwjmEEbnnpB/+kt+yWRv73bPsSPRFddrcIbAxSiMQ==",
            "bin": {
                "node-gyp-build": "bin.js",
                "node-gyp-build-optional": "optional.js",
                "node-gyp-build-test": "build-test.js"
            }
        },
        "node_modules/nostr-tools": {
            "version": "1.14.2",
            "resolved": "https://registry.npmjs.org/nostr-tools/-/nostr-tools-1.14.2.tgz",
            "integrity": "sha512-QEe8+tMDW0632eNDcQ+EG1edmsCXLV4WPiWLDcdT3uoE+GM15pVcy18sKwbN7SmgO4GKFEqQ49k45eANC6++SQ==",
            "dependencies": {
                "@noble/ciphers": "^0.2.0",
                "@noble/curves": "1.1.0",
                "@noble/hashes": "1.3.1",
                "@scure/base": "1.1.1",
                "@scure/bip32": "1.3.1",
                "@scure/bip39": "1.2.1"
            }
        },
        "node_modules/qrcode-terminal": {
            "version": "0.12.0",
            "resolved": "https://registry.npmjs.org/qrcode-terminal/-/qrcode-terminal-0.12.0.tgz",
            "integrity": "sha512-EXtzRZmC+YGmGlDFbXKxQiMZNwCLEO6BANKXG4iCtSIM0yqc/pappSx3RIKr4r0uh5JsBckOXeKrB3Iz7mdQpQ==",
            "bin": {
                "qrcode-terminal": "bin/qrcode-terminal.js"
            }
        },
        "node_modules/readable-stream": {
            "version": "3.6.2",
            "resolved": "https://registry.npmjs.org/readable-stream/-/readable-stream-3.6.2.tgz",
            "integrity": "sha512-9u/sniCrY3D5WdsERHzHE4G2YCXqoG5FTHUiCC4SIbr6XcLZBY05ya9EKjYek9O5xOAwjGq+1JdGBAS7Q9ScoA==",
            "dependencies": {
                "inherits": "^2.0.3",
                "string_decoder": "^1.1.1",
                "util-deprecate": "^1.0.1"
            },
            "engines": {
                "node": ">= 6"
            }
        },
        "node_modules/ripemd160": {
            "version": "2.0.2",
            "resolved": "https://registry.npmjs.org/ripemd160/-/ripemd160-2.0.2.tgz",
            "integrity": "sha512-ii4iagi25WusVoiC4B4lq7pbXfAp3D9v5CwfkY33vffw2+pkDjY1D8GaN7spsxvCSx8dkPqOZCEZyfxcmJG2IA==",
            "dependencies": {
                "hash-base": "^3.0.0",
                "inherits": "^2.0.1"
            }
        },
        "node_modules/safe-buffer": {
            "version": "5.2.1",
            "resolved": "https://registry.npmjs.org/safe-buffer/-/safe-buffer-5.2.1.tgz",
            "integrity": "sha512-rp3So07KcdmmKbGvgaNxQSJr7bGVSVk5S9Eq1F+ppbRo70+YeaDxkw5Dd8NPN+GD6bjnYm2VuPuCXmpuYvmCXQ==",
            "funding": [
                {
                    "type": "github",
                    "url": "https://github.com/sponsors/feross"
                },
                {
                    "type": "patreon",
                    "url": "https://www.patreon.com/feross"
                },
                {
                    "type": "consulting",
                    "url": "https://feross.org/support"
                }
            ]
        },
        "node_modules/sha.js": {
            "version": "2.4.11",
            "resolved": "https://registry.npmjs.org/sha.js/-/sha.js-2.4.11.tgz",
            "integrity": "sha512-QMEp5B7cftE7APOjk5Y6xgrbWu+WkLVQwk8JNjZ8nKRciZaByEW6MubieAiToS7+dwvrjGhH8jRXz3MVd0AYqQ==",
            "dependencies": {
                "inherits": "^2.0.1",
                "safe-buffer": "^5.0.1"
            },
            "bin": {
                "sha.js": "bin.js"
            }
        },
        "node_modules/string_decoder": {
            "version": "1.3.0",
            "resolved": "https://registry.npmjs.org/string_decoder/-/string_decoder-1.3.0.tgz",
            "integrity": "sha512-hkRX8U1WjJFd8LsDJ2yQ/wWWxaopEsABU1XfkM8A+j0+85JAGppt16cr1Whg6KIbb4okU6Mql6BOj+uup/wKeA==",
            "dependencies": {
                "safe-buffer": "~5.2.0"
            }
        },
        "node_modules/tstl": {
            "version": "2.5.13",
            "resolved": "https://registry.npmjs.org/tstl/-/tstl-2.5.13.tgz",
            "integrity": "sha512-h9wayHHFI5+yqt8iau0vqH96cTNhezhZ/Fk/hrIdpfkiMu3lg9nzyvMfs5bIdX51IVzZO6DudLqhkL/rVXpT6g=="
        },
        "node_modules/type": {
            "version": "1.2.0",
            "resolved": "https://registry.npmjs.org/type/-/type-1.2.0.tgz",
            "integrity": "sha512-+5nt5AAniqsCnu2cEQQdpzCAh33kVx8n0VoFidKpB1dVVLAN/F+bgVOqOJqOnEnrhp222clB5p3vUlD+1QAnfg=="
        },
        "node_modules/typedarray-to-buffer": {
            "version": "3.1.5",
            "resolved": "https://registry.npmjs.org/typedarray-to-buffer/-/typedarray-to-buffer-3.1.5.tgz",
            "integrity": "sha512-zdu8XMNEDepKKR+XYOXAVPtWui0ly0NtohUscw+UmaHiAWT8hrV1rr//H6V+0DvJ3OQ19S979M0laLfX8rm82Q==",
            "dependencies": {
                "is-typedarray": "^1.0.0"
            }
        },
        "node_modules/utf-8-validate": {
            "version": "5.0.10",
            "resolved": "https://registry.npmjs.org/utf-8-validate/-/utf-8-validate-5.0.10.tgz",
            "integrity": "sha512-Z6czzLq4u8fPOyx7TU6X3dvUZVvoJmxSQ+IcrlmagKhilxlhZgxPK6C5Jqbkw1IDUmFTM+cz9QDnnLTwDz/2gQ==",
            "hasInstallScript": true,
            "dependencies": {
                "node-gyp-build": "^4.3.0"
            },
            "engines": {
                "node": ">=6.14.2"
            }
        },
        "node_modules/util-deprecate": {
            "version": "1.0.2",
            "resolved": "https://registry.npmjs.org/util-deprecate/-/util-deprecate-1.0.2.tgz",
            "integrity": "sha512-EPD5q1uXyFxJpCrLnCc1nHnq3gOa6DZBocAIiI2TaSCA7VCJ1UJDMagCzIkXNsUYfD1daK//LTEQ8xiIbrHtcw=="
        },
        "node_modules/web-streams-polyfill": {
            "version": "3.2.1",
            "resolved": "https://registry.npmjs.org/web-streams-polyfill/-/web-streams-polyfill-3.2.1.tgz",
            "integrity": "sha512-e0MO3wdXWKrLbL0DgGnUV7WHVuw9OUvL4hjgnPkIeEvESk74gAITi5G606JtZPp39cd8HA9VQzCIvA49LpPN5Q==",
            "engines": {
                "node": ">= 8"
            }
        },
        "node_modules/websocket": {
            "version": "1.0.34",
            "resolved": "https://registry.npmjs.org/websocket/-/websocket-1.0.34.tgz",
            "integrity": "sha512-PRDso2sGwF6kM75QykIesBijKSVceR6jL2G8NGYyq2XrItNC2P5/qL5XeR056GhA+Ly7JMFvJb9I312mJfmqnQ==",
            "dependencies": {
                "bufferutil": "^4.0.1",
                "debug": "^2.2.0",
                "es5-ext": "^0.10.50",
                "typedarray-to-buffer": "^3.1.5",
                "utf-8-validate": "^5.0.2",
                "yaeti": "^0.0.6"
            },
            "engines": {
                "node": ">=4.0.0"
            }
        },
        "node_modules/websocket-polyfill": {
            "version": "0.0.3",
            "resolved": "https://registry.npmjs.org/websocket-polyfill/-/websocket-polyfill-0.0.3.tgz",
            "integrity": "sha512-pF3kR8Uaoau78MpUmFfzbIRxXj9PeQrCuPepGE6JIsfsJ/o/iXr07Q2iQNzKSSblQJ0FiGWlS64N4pVSm+O3Dg==",
            "dependencies": {
                "tstl": "^2.0.7",
                "websocket": "^1.0.28"
            }
        },
        "node_modules/yaeti": {
            "version": "0.0.6",
            "resolved": "https://registry.npmjs.org/yaeti/-/yaeti-0.0.6.tgz",
            "integrity": "sha512-MvQa//+KcZCUkBTIC9blM+CU9J2GzuTytsOUwf2lidtvkx/6gnEp1QvJv34t9vdjhFmha/mUiNDbN0D0mJWdug==",
            "engines": {
                "node": ">=0.10.32"
            }
        }
    }
}
